// !$*UTF8*$!
{
	archiveVersion = 1;
	classes = {
	};
	objectVersion = 77;
	objects = {

/* Begin PBXBuildFile section */
		0690907B21C589DD318D9F45 /* DocumentType.swift in Sources */ = {isa = PBXBuildFile; fileRef = 1F3D9A75C6013AAA258E0158 /* DocumentType.swift */; };
		09B86609F09D9EE6315A1292 /* OnboardingScreens.swift in Sources */ = {isa = PBXBuildFile; fileRef = ABBC997537BDA8146552D9DF /* OnboardingScreens.swift */; };
		0EE7DEEA2E73CC15B6DB863D /* PetDocument.swift in Sources */ = {isa = PBXBuildFile; fileRef = 35BEC2F96299893AAA1B26D1 /* PetDocument.swift */; };
		12B75AA3D656CC9E9985B54D /* Typography.swift in Sources */ = {isa = PBXBuildFile; fileRef = 2F0DA6B6411F53049521A2C1 /* Typography.swift */; };
		12E88B0497A3BFE8BD132E01 /* MonthGrid.swift in Sources */ = {isa = PBXBuildFile; fileRef = C2CBDF1605AB542A495CC9FE /* MonthGrid.swift */; };
		17EF9C412B839FC9E4B26BA2 /* RecurrenceEngine.swift in Sources */ = {isa = PBXBuildFile; fileRef = BBD66E8AAD3F4443C80F9602 /* RecurrenceEngine.swift */; };
		188D0B406DA9A4F771D3F781 /* VaultSearchView.swift in Sources */ = {isa = PBXBuildFile; fileRef = 204D993F55620FEC99EC77D6 /* VaultSearchView.swift */; };
		1DEBE4CEA1EF6E5747857E7B /* CalendarView.swift in Sources */ = {isa = PBXBuildFile; fileRef = 7DC6DFDC296A056B2B18F9BC /* CalendarView.swift */; };
		20BA9952C18D5B2F5EC6A4AB /* Pet.swift in Sources */ = {isa = PBXBuildFile; fileRef = A56BB6523B5B761DAAACDFCE /* Pet.swift */; };
		20BB3345ABBFC6A24D3AD071 /* RootView.swift in Sources */ = {isa = PBXBuildFile; fileRef = 471376D6B9EE814590231F79 /* RootView.swift */; };
		30969EA7B4793150E6DC3896 /* QuickLogSheet.swift in Sources */ = {isa = PBXBuildFile; fileRef = BC76F68803CC98D3B3E0316B /* QuickLogSheet.swift */; };
		332D848D464C9F34D1899C85 /* Spacing.swift in Sources */ = {isa = PBXBuildFile; fileRef = B085A566B38E46A55755A719 /* Spacing.swift */; };
		36859515DAA5AE8E3086351C /* OCRService.swift in Sources */ = {isa = PBXBuildFile; fileRef = 990D081FB0E910226D4132CF /* OCRService.swift */; };
		38DED5104C0D970CD98688A6 /* AuthService.swift in Sources */ = {isa = PBXBuildFile; fileRef = 69B4413848507358BE374E49 /* AuthService.swift */; };
		3B0FC70EFDC2A63E021C8235 /* ReminderType.swift in Sources */ = {isa = PBXBuildFile; fileRef = 2744E3D8EDFBFFF1A4C9F852 /* ReminderType.swift */; };
		3B7BCADFF48F8A3AC36BF11A /* SubscriptionStore.swift in Sources */ = {isa = PBXBuildFile; fileRef = 5B9068DE1F3C25E5E34667E1 /* SubscriptionStore.swift */; };
		3C0FC2A708585F175A33162E /* PetProfileViewDTO.swift in Sources */ = {isa = PBXBuildFile; fileRef = D1D28E8DD7056DAF3554680E /* PetProfileViewDTO.swift */; };
		3E18D88A66D0A71F32441190 /* VaultHomeView.swift in Sources */ = {isa = PBXBuildFile; fileRef = 2EEC8E15296CC1C22E740E62 /* VaultHomeView.swift */; };
		43C327A51E06DCFBC31FEE00 /* DiscoverView.swift in Sources */ = {isa = PBXBuildFile; fileRef = F88091CCFB9B990FBC63EA30 /* DiscoverView.swift */; };
		4597798078FE77A552623EBF /* AIDoctorView.swift in Sources */ = {isa = PBXBuildFile; fileRef = CDC7FEDBD30B4304BBA538BD /* AIDoctorView.swift */; };
		485D0550C2C40BA7A911EADC /* PawlyTests.swift in Sources */ = {isa = PBXBuildFile; fileRef = 45F7D8EE25A6996FCF7F8083 /* PawlyTests.swift */; };
		5640FB33F3F1F4B62A30C6A1 /* DocumentUploadSheet.swift in Sources */ = {isa = PBXBuildFile; fileRef = 6E059DF2D7DDAD5C67323BBA /* DocumentUploadSheet.swift */; };
		6024CDE95F7C1069C6045B6C /* HomeView.swift in Sources */ = {isa = PBXBuildFile; fileRef = 8E4DC15F26EC66776C6B7C46 /* HomeView.swift */; };
		622F98D1098DA4CFAAE250E2 /* Species.swift in Sources */ = {isa = PBXBuildFile; fileRef = 748135EB8A20CF617EE37B71 /* Species.swift */; };
		6259A1C0A7B480BCFB411518 /* DocumentDetailView.swift in Sources */ = {isa = PBXBuildFile; fileRef = 8DA598B984688E6B8E066EE8 /* DocumentDetailView.swift */; };
		67E17E0E36ADE7352ED25EA3 /* OnboardingDraft.swift in Sources */ = {isa = PBXBuildFile; fileRef = DF979BC3BFF74E33B7B8E27F /* OnboardingDraft.swift */; };
		6C5F12AA6A94E9052AD885CF /* SupabaseDTOs.swift in Sources */ = {isa = PBXBuildFile; fileRef = 8C11DB78BCD484BC087724E9 /* SupabaseDTOs.swift */; };
		7194870A6B3383EB5D6DBB39 /* PetContextStore.swift in Sources */ = {isa = PBXBuildFile; fileRef = 90E43EAAF3E7E338A4C2F207 /* PetContextStore.swift */; };
		7505E27F63D1CC8F1279A9C5 /* TravelPaperworkSheet.swift in Sources */ = {isa = PBXBuildFile; fileRef = AE0C385ABAE0C6BC03CB1C79 /* TravelPaperworkSheet.swift */; };
		790CF6CBC8A50A79E0E734A0 /* MainTabView.swift in Sources */ = {isa = PBXBuildFile; fileRef = FC73EB60E91B222E56B5726F /* MainTabView.swift */; };
		798A7C53129168D6034ADE21 /* PawlyCard.swift in Sources */ = {isa = PBXBuildFile; fileRef = AC8465200035BA2774D6B656 /* PawlyCard.swift */; };
		84D9EC054433B9B6DE544193 /* PetsView.swift in Sources */ = {isa = PBXBuildFile; fileRef = 4B99932BB2FD29671729C957 /* PetsView.swift */; };
		8780E207879BC397CD100343 /* Motion.swift in Sources */ = {isa = PBXBuildFile; fileRef = B8F0FECA4E0B105B0143DF30 /* Motion.swift */; };
		88E6BE6AFE5AA30421F6982C /* SupabaseService.swift in Sources */ = {isa = PBXBuildFile; fileRef = 42F3FED57E00329565C1DAFC /* SupabaseService.swift */; };
		8B41AA5D4F7A8F2E7A2AD943 /* DataStore.swift in Sources */ = {isa = PBXBuildFile; fileRef = EDB40E6558EE28705DDC1696 /* DataStore.swift */; };
		8E1BDCDD5922490D93A346C9 /* PawlyTextField.swift in Sources */ = {isa = PBXBuildFile; fileRef = 3E67F476005E815E8CCB3747 /* PawlyTextField.swift */; };
		9087EF46BB6D47FE48DF6756 /* LogEntry.swift in Sources */ = {isa = PBXBuildFile; fileRef = BAC73679E7C2B8B72390CFF1 /* LogEntry.swift */; };
		916820C31B004507B62F1441 /* PreviewSupport.swift in Sources */ = {isa = PBXBuildFile; fileRef = BCCFEE196EF8287E95D81C90 /* PreviewSupport.swift */; };
		93AC7EB9123A6645F5D0C48B /* DayDetailSheet.swift in Sources */ = {isa = PBXBuildFile; fileRef = 96D2EEDE3FCEFAE6B0430B29 /* DayDetailSheet.swift */; };
		962A663F99A3AC2EE5759D23 /* TravelPaperworkService.swift in Sources */ = {isa = PBXBuildFile; fileRef = 14A5A2ACAF3DE04654420A39 /* TravelPaperworkService.swift */; };
		965DAD0BD756FDFBAE03694C /* MoodEntry.swift in Sources */ = {isa = PBXBuildFile; fileRef = CE7561E0406F3B29603697ED /* MoodEntry.swift */; };
		9D9D7EACFF8C99FC6F267205 /* StatusDot.swift in Sources */ = {isa = PBXBuildFile; fileRef = A346A589A529196C96165CE9 /* StatusDot.swift */; };
		A0390254A98E3171866DFB8B /* RecurrencePicker.swift in Sources */ = {isa = PBXBuildFile; fileRef = 49D55B6CF97017E5AAB3DDD2 /* RecurrencePicker.swift */; };
		A3DFB10E16058188153B6B68 /* SupabaseConfig.swift in Sources */ = {isa = PBXBuildFile; fileRef = D732DC936882088A3F1692BA /* SupabaseConfig.swift */; };
		A9191100B385B2BFE09202A3 /* PawlyApp.swift in Sources */ = {isa = PBXBuildFile; fileRef = "TEMP_89DB5989-5C41-4450-8AC1-AEB9ED04CBBB" /* PawlyApp.swift */; };
		AA90B529ED27FAEA6918194A /* Date+Pawly.swift in Sources */ = {isa = PBXBuildFile; fileRef = 83A2B7990C019839F1DA732F /* Date+Pawly.swift */; };
		AF21460400CBED8E7682FFB3 /* RemindersListView.swift in Sources */ = {isa = PBXBuildFile; fileRef = 7FA3C8FD7E65170F0854E7AA /* RemindersListView.swift */; };
		B1DD4D335156A30D7D7E6FD9 /* AuthView.swift in Sources */ = {isa = PBXBuildFile; fileRef = D628A04B3B4B3C10EA6F2DEF /* AuthView.swift */; };
		B8C6A7D10F4A5AAE452F7246 /* Reminder.swift in Sources */ = {isa = PBXBuildFile; fileRef = 2205C73F83C44E2BB18BE934 /* Reminder.swift */; };
		BDF577FC84E46FC4AE423DC8 /* OnboardingCoordinator.swift in Sources */ = {isa = PBXBuildFile; fileRef = DCF2728588EDB6C3866744FD /* OnboardingCoordinator.swift */; };
		BF858F71932CEACA7CD4AD1C /* PawlyColors.swift in Sources */ = {isa = PBXBuildFile; fileRef = 3773C6EA7C80EF0CC546D8A4 /* PawlyColors.swift */; };
		C0CB697CCE0E14EF75C3E9AE /* PetProfileView.swift in Sources */ = {isa = PBXBuildFile; fileRef = 7A0CD760EB7DB060CC8865E8 /* PetProfileView.swift */; };
		C5F89C6F297AAEFF1C2EF216 /* HapticsService.swift in Sources */ = {isa = PBXBuildFile; fileRef = 2A1584E7056EC47EEEF24FC6 /* HapticsService.swift */; };
		C977CF7589582F415D18CB4D /* MockAIDoctorService.swift in Sources */ = {isa = PBXBuildFile; fileRef = B33DACCAA52F951B4C817512 /* MockAIDoctorService.swift */; };
		CB1A24CC00D4DD3302533C96 /* DocumentEncryptionService.swift in Sources */ = {isa = PBXBuildFile; fileRef = 357F1DE9EC2F615A4B45A348 /* DocumentEncryptionService.swift */; };
		CDA2274E7E281CB2F8B0D309 /* NotificationService.swift in Sources */ = {isa = PBXBuildFile; fileRef = 65F04FFBD11EB4BA2A4D8BDB /* NotificationService.swift */; };
		D242D40705F00016DA8DE34F /* WeekTimelineView.swift in Sources */ = {isa = PBXBuildFile; fileRef = 2553EFC0E80A5208D95179D0 /* WeekTimelineView.swift */; };
		D27A5B42C741B288004D8541 /* RemindersListViewDTO.swift in Sources */ = {isa = PBXBuildFile; fileRef = 06AF7BA81BCA9619BA1ED972 /* RemindersListViewDTO.swift */; };
		D8E733E06B05F7E832DECD1F /* Image+PhotoData.swift in Sources */ = {isa = PBXBuildFile; fileRef = 2568D5D714E3FDCDF6AB397D /* Image+PhotoData.swift */; };
		D92C753CF3BB0398D24F2726 /* SubscriptionPaywallView.swift in Sources */ = {isa = PBXBuildFile; fileRef = B95F9E2A008F4272363B2F4E /* SubscriptionPaywallView.swift */; };
		D9B485279CC5A01BD030A431 /* ReminderEditView.swift in Sources */ = {isa = PBXBuildFile; fileRef = 8BAF81E101085D59FCDC056F /* ReminderEditView.swift */; };
		DA5DA8E89C2B7856009F7329 /* Supabase in Frameworks */ = {isa = PBXBuildFile; productRef = FE51CE2C6C809C7BE7169BC0 /* Supabase */; };
		E25369ECCDE81829D459DAF2 /* RecipesView.swift in Sources */ = {isa = PBXBuildFile; fileRef = 4DE7F82B64CED87E92948350 /* RecipesView.swift */; };
		E4DE92CDB89B21974C431644 /* Assets.xcassets in Resources */ = {isa = PBXBuildFile; fileRef = "TEMP_9BD9495F-154A-4A47-9566-151CEE01E7E6" /* Assets.xcassets */; };
		E67929F8953EA161CA9A37D2 /* ReminderInstance.swift in Sources */ = {isa = PBXBuildFile; fileRef = 773BF51D421D305731D7BABC /* ReminderInstance.swift */; };
		E882871BE75D308673DC0792 /* HygieneLibraryView.swift in Sources */ = {isa = PBXBuildFile; fileRef = 988655E393CF34F78457EC91 /* HygieneLibraryView.swift */; };
		EDB4429DD80A06CA94CBE821 /* ConfidenceBadge.swift in Sources */ = {isa = PBXBuildFile; fileRef = DFC55492CF98BE59B0FD2C73 /* ConfidenceBadge.swift */; };
		F09EDB2375F423975FD2367F /* PetSwitcherCarousel.swift in Sources */ = {isa = PBXBuildFile; fileRef = EAAE32F9656AF12666DF1E78 /* PetSwitcherCarousel.swift */; };
		F0E1025FDDA8AEC2C19B83FA /* Recurrence.swift in Sources */ = {isa = PBXBuildFile; fileRef = A50A6B6F222AD0FE624FD5F0 /* Recurrence.swift */; };
		FAF19F61D811DA68A6C41CDD /* SeedData.swift in Sources */ = {isa = PBXBuildFile; fileRef = 712AD4B3555EC68C7A68CBB3 /* SeedData.swift */; };
		FD08194BE59FA2B7FA3AB4C1 /* PawlyButtonStyle.swift in Sources */ = {isa = PBXBuildFile; fileRef = B22532CCFB411C0BE1185DA5 /* PawlyButtonStyle.swift */; };
/* End PBXBuildFile section */

/* Begin PBXContainerItemProxy section */
		D6BEDECBD8C99F6AB287F067 /* PBXContainerItemProxy */ = {
			isa = PBXContainerItemProxy;
			containerPortal = B8EB757B8F504E30BF293D2B /* Project object */;
			proxyType = 1;
			remoteGlobalIDString = B447878F40DFDA711B8DAD4D;
			remoteInfo = Pawly;
		};
/* End PBXContainerItemProxy section */

/* Begin PBXFileReference section */
		06AF7BA81BCA9619BA1ED972 /* RemindersListViewDTO.swift */ = {isa = PBXFileReference; lastKnownFileType = sourcecode.swift; path = RemindersListViewDTO.swift; sourceTree = "<group>"; };
		14A5A2ACAF3DE04654420A39 /* TravelPaperworkService.swift */ = {isa = PBXFileReference; lastKnownFileType = sourcecode.swift; path = TravelPaperworkService.swift; sourceTree = "<group>"; };
		1F3D9A75C6013AAA258E0158 /* DocumentType.swift */ = {isa = PBXFileReference; lastKnownFileType = sourcecode.swift; path = DocumentType.swift; sourceTree = "<group>"; };
		204D993F55620FEC99EC77D6 /* VaultSearchView.swift */ = {isa = PBXFileReference; lastKnownFileType = sourcecode.swift; path = VaultSearchView.swift; sourceTree = "<group>"; };
		2205C73F83C44E2BB18BE934 /* Reminder.swift */ = {isa = PBXFileReference; lastKnownFileType = sourcecode.swift; path = Reminder.swift; sourceTree = "<group>"; };
		2553EFC0E80A5208D95179D0 /* WeekTimelineView.swift */ = {isa = PBXFileReference; lastKnownFileType = sourcecode.swift; path = WeekTimelineView.swift; sourceTree = "<group>"; };
		2568D5D714E3FDCDF6AB397D /* Image+PhotoData.swift */ = {isa = PBXFileReference; lastKnownFileType = sourcecode.swift; path = "Image+PhotoData.swift"; sourceTree = "<group>"; };
		2744E3D8EDFBFFF1A4C9F852 /* ReminderType.swift */ = {isa = PBXFileReference; lastKnownFileType = sourcecode.swift; path = ReminderType.swift; sourceTree = "<group>"; };
		2A1584E7056EC47EEEF24FC6 /* HapticsService.swift */ = {isa = PBXFileReference; lastKnownFileType = sourcecode.swift; path = HapticsService.swift; sourceTree = "<group>"; };
		2C143F7E162380B6FADA701A /* Pawly.app */ = {isa = PBXFileReference; includeInIndex = 0; lastKnownFileType = wrapper.application; path = Pawly.app; sourceTree = BUILT_PRODUCTS_DIR; };
		2EEC8E15296CC1C22E740E62 /* VaultHomeView.swift */ = {isa = PBXFileReference; lastKnownFileType = sourcecode.swift; path = VaultHomeView.swift; sourceTree = "<group>"; };
		2F0DA6B6411F53049521A2C1 /* Typography.swift */ = {isa = PBXFileReference; lastKnownFileType = sourcecode.swift; path = Typography.swift; sourceTree = "<group>"; };
		357F1DE9EC2F615A4B45A348 /* DocumentEncryptionService.swift */ = {isa = PBXFileReference; lastKnownFileType = sourcecode.swift; path = DocumentEncryptionService.swift; sourceTree = "<group>"; };
		35BEC2F96299893AAA1B26D1 /* PetDocument.swift */ = {isa = PBXFileReference; lastKnownFileType = sourcecode.swift; path = PetDocument.swift; sourceTree = "<group>"; };
		3773C6EA7C80EF0CC546D8A4 /* PawlyColors.swift */ = {isa = PBXFileReference; lastKnownFileType = sourcecode.swift; path = PawlyColors.swift; sourceTree = "<group>"; };
		3E67F476005E815E8CCB3747 /* PawlyTextField.swift */ = {isa = PBXFileReference; lastKnownFileType = sourcecode.swift; path = PawlyTextField.swift; sourceTree = "<group>"; };
		42F3FED57E00329565C1DAFC /* SupabaseService.swift */ = {isa = PBXFileReference; lastKnownFileType = sourcecode.swift; path = SupabaseService.swift; sourceTree = "<group>"; };
		45F7D8EE25A6996FCF7F8083 /* PawlyTests.swift */ = {isa = PBXFileReference; lastKnownFileType = sourcecode.swift; path = PawlyTests.swift; sourceTree = "<group>"; };
		471376D6B9EE814590231F79 /* RootView.swift */ = {isa = PBXFileReference; lastKnownFileType = sourcecode.swift; path = RootView.swift; sourceTree = "<group>"; };
		49D55B6CF97017E5AAB3DDD2 /* RecurrencePicker.swift */ = {isa = PBXFileReference; lastKnownFileType = sourcecode.swift; path = RecurrencePicker.swift; sourceTree = "<group>"; };
		4B99932BB2FD29671729C957 /* PetsView.swift */ = {isa = PBXFileReference; lastKnownFileType = sourcecode.swift; path = PetsView.swift; sourceTree = "<group>"; };
		4DE7F82B64CED87E92948350 /* RecipesView.swift */ = {isa = PBXFileReference; lastKnownFileType = sourcecode.swift; path = RecipesView.swift; sourceTree = "<group>"; };
		5B9068DE1F3C25E5E34667E1 /* SubscriptionStore.swift */ = {isa = PBXFileReference; lastKnownFileType = sourcecode.swift; path = SubscriptionStore.swift; sourceTree = "<group>"; };
		65F04FFBD11EB4BA2A4D8BDB /* NotificationService.swift */ = {isa = PBXFileReference; lastKnownFileType = sourcecode.swift; path = NotificationService.swift; sourceTree = "<group>"; };
		69B4413848507358BE374E49 /* AuthService.swift */ = {isa = PBXFileReference; lastKnownFileType = sourcecode.swift; path = AuthService.swift; sourceTree = "<group>"; };
		6E059DF2D7DDAD5C67323BBA /* DocumentUploadSheet.swift */ = {isa = PBXFileReference; lastKnownFileType = sourcecode.swift; path = DocumentUploadSheet.swift; sourceTree = "<group>"; };
		712AD4B3555EC68C7A68CBB3 /* SeedData.swift */ = {isa = PBXFileReference; lastKnownFileType = sourcecode.swift; path = SeedData.swift; sourceTree = "<group>"; };
		748135EB8A20CF617EE37B71 /* Species.swift */ = {isa = PBXFileReference; lastKnownFileType = sourcecode.swift; path = Species.swift; sourceTree = "<group>"; };
		773BF51D421D305731D7BABC /* ReminderInstance.swift */ = {isa = PBXFileReference; lastKnownFileType = sourcecode.swift; path = ReminderInstance.swift; sourceTree = "<group>"; };
		7A0CD760EB7DB060CC8865E8 /* PetProfileView.swift */ = {isa = PBXFileReference; lastKnownFileType = sourcecode.swift; path = PetProfileView.swift; sourceTree = "<group>"; };
		7DC6DFDC296A056B2B18F9BC /* CalendarView.swift */ = {isa = PBXFileReference; lastKnownFileType = sourcecode.swift; path = CalendarView.swift; sourceTree = "<group>"; };
		7FA3C8FD7E65170F0854E7AA /* RemindersListView.swift */ = {isa = PBXFileReference; lastKnownFileType = sourcecode.swift; path = RemindersListView.swift; sourceTree = "<group>"; };
		83A2B7990C019839F1DA732F /* Date+Pawly.swift */ = {isa = PBXFileReference; lastKnownFileType = sourcecode.swift; path = "Date+Pawly.swift"; sourceTree = "<group>"; };
		8BAF81E101085D59FCDC056F /* ReminderEditView.swift */ = {isa = PBXFileReference; lastKnownFileType = sourcecode.swift; path = ReminderEditView.swift; sourceTree = "<group>"; };
		8C11DB78BCD484BC087724E9 /* SupabaseDTOs.swift */ = {isa = PBXFileReference; lastKnownFileType = sourcecode.swift; path = SupabaseDTOs.swift; sourceTree = "<group>"; };
		8DA598B984688E6B8E066EE8 /* DocumentDetailView.swift */ = {isa = PBXFileReference; lastKnownFileType = sourcecode.swift; path = DocumentDetailView.swift; sourceTree = "<group>"; };
		8E4DC15F26EC66776C6B7C46 /* HomeView.swift */ = {isa = PBXFileReference; lastKnownFileType = sourcecode.swift; path = HomeView.swift; sourceTree = "<group>"; };
		90E43EAAF3E7E338A4C2F207 /* PetContextStore.swift */ = {isa = PBXFileReference; lastKnownFileType = sourcecode.swift; path = PetContextStore.swift; sourceTree = "<group>"; };
		921BD39C2CB4B1392DE26F60 /* PawlyTests.xctest */ = {isa = PBXFileReference; includeInIndex = 0; lastKnownFileType = wrapper.cfbundle; path = PawlyTests.xctest; sourceTree = BUILT_PRODUCTS_DIR; };
		96D2EEDE3FCEFAE6B0430B29 /* DayDetailSheet.swift */ = {isa = PBXFileReference; lastKnownFileType = sourcecode.swift; path = DayDetailSheet.swift; sourceTree = "<group>"; };
		988655E393CF34F78457EC91 /* HygieneLibraryView.swift */ = {isa = PBXFileReference; lastKnownFileType = sourcecode.swift; path = HygieneLibraryView.swift; sourceTree = "<group>"; };
		990D081FB0E910226D4132CF /* OCRService.swift */ = {isa = PBXFileReference; lastKnownFileType = sourcecode.swift; path = OCRService.swift; sourceTree = "<group>"; };
		A346A589A529196C96165CE9 /* StatusDot.swift */ = {isa = PBXFileReference; lastKnownFileType = sourcecode.swift; path = StatusDot.swift; sourceTree = "<group>"; };
		A50A6B6F222AD0FE624FD5F0 /* Recurrence.swift */ = {isa = PBXFileReference; lastKnownFileType = sourcecode.swift; path = Recurrence.swift; sourceTree = "<group>"; };
		A56BB6523B5B761DAAACDFCE /* Pet.swift */ = {isa = PBXFileReference; lastKnownFileType = sourcecode.swift; path = Pet.swift; sourceTree = "<group>"; };
		ABBC997537BDA8146552D9DF /* OnboardingScreens.swift */ = {isa = PBXFileReference; lastKnownFileType = sourcecode.swift; path = OnboardingScreens.swift; sourceTree = "<group>"; };
		AC8465200035BA2774D6B656 /* PawlyCard.swift */ = {isa = PBXFileReference; lastKnownFileType = sourcecode.swift; path = PawlyCard.swift; sourceTree = "<group>"; };
		AE0C385ABAE0C6BC03CB1C79 /* TravelPaperworkSheet.swift */ = {isa = PBXFileReference; lastKnownFileType = sourcecode.swift; path = TravelPaperworkSheet.swift; sourceTree = "<group>"; };
		B085A566B38E46A55755A719 /* Spacing.swift */ = {isa = PBXFileReference; lastKnownFileType = sourcecode.swift; path = Spacing.swift; sourceTree = "<group>"; };
		B22532CCFB411C0BE1185DA5 /* PawlyButtonStyle.swift */ = {isa = PBXFileReference; lastKnownFileType = sourcecode.swift; path = PawlyButtonStyle.swift; sourceTree = "<group>"; };
		B33DACCAA52F951B4C817512 /* MockAIDoctorService.swift */ = {isa = PBXFileReference; lastKnownFileType = sourcecode.swift; path = MockAIDoctorService.swift; sourceTree = "<group>"; };
		B8F0FECA4E0B105B0143DF30 /* Motion.swift */ = {isa = PBXFileReference; lastKnownFileType = sourcecode.swift; path = Motion.swift; sourceTree = "<group>"; };
		B95F9E2A008F4272363B2F4E /* SubscriptionPaywallView.swift */ = {isa = PBXFileReference; lastKnownFileType = sourcecode.swift; path = SubscriptionPaywallView.swift; sourceTree = "<group>"; };
		BAC73679E7C2B8B72390CFF1 /* LogEntry.swift */ = {isa = PBXFileReference; lastKnownFileType = sourcecode.swift; path = LogEntry.swift; sourceTree = "<group>"; };
		BBD66E8AAD3F4443C80F9602 /* RecurrenceEngine.swift */ = {isa = PBXFileReference; lastKnownFileType = sourcecode.swift; path = RecurrenceEngine.swift; sourceTree = "<group>"; };
		BC76F68803CC98D3B3E0316B /* QuickLogSheet.swift */ = {isa = PBXFileReference; lastKnownFileType = sourcecode.swift; path = QuickLogSheet.swift; sourceTree = "<group>"; };
		BCCFEE196EF8287E95D81C90 /* PreviewSupport.swift */ = {isa = PBXFileReference; lastKnownFileType = sourcecode.swift; path = PreviewSupport.swift; sourceTree = "<group>"; };
		C2CBDF1605AB542A495CC9FE /* MonthGrid.swift */ = {isa = PBXFileReference; lastKnownFileType = sourcecode.swift; path = MonthGrid.swift; sourceTree = "<group>"; };
		CDC7FEDBD30B4304BBA538BD /* AIDoctorView.swift */ = {isa = PBXFileReference; lastKnownFileType = sourcecode.swift; path = AIDoctorView.swift; sourceTree = "<group>"; };
		CE7561E0406F3B29603697ED /* MoodEntry.swift */ = {isa = PBXFileReference; lastKnownFileType = sourcecode.swift; path = MoodEntry.swift; sourceTree = "<group>"; };
		D1D28E8DD7056DAF3554680E /* PetProfileViewDTO.swift */ = {isa = PBXFileReference; lastKnownFileType = sourcecode.swift; path = PetProfileViewDTO.swift; sourceTree = "<group>"; };
		D628A04B3B4B3C10EA6F2DEF /* AuthView.swift */ = {isa = PBXFileReference; lastKnownFileType = sourcecode.swift; path = AuthView.swift; sourceTree = "<group>"; };
		D732DC936882088A3F1692BA /* SupabaseConfig.swift */ = {isa = PBXFileReference; lastKnownFileType = sourcecode.swift; path = SupabaseConfig.swift; sourceTree = "<group>"; };
		DCF2728588EDB6C3866744FD /* OnboardingCoordinator.swift */ = {isa = PBXFileReference; lastKnownFileType = sourcecode.swift; path = OnboardingCoordinator.swift; sourceTree = "<group>"; };
		DF979BC3BFF74E33B7B8E27F /* OnboardingDraft.swift */ = {isa = PBXFileReference; lastKnownFileType = sourcecode.swift; path = OnboardingDraft.swift; sourceTree = "<group>"; };
		DFC55492CF98BE59B0FD2C73 /* ConfidenceBadge.swift */ = {isa = PBXFileReference; lastKnownFileType = sourcecode.swift; path = ConfidenceBadge.swift; sourceTree = "<group>"; };
		EAAE32F9656AF12666DF1E78 /* PetSwitcherCarousel.swift */ = {isa = PBXFileReference; lastKnownFileType = sourcecode.swift; path = PetSwitcherCarousel.swift; sourceTree = "<group>"; };
		EDB40E6558EE28705DDC1696 /* DataStore.swift */ = {isa = PBXFileReference; lastKnownFileType = sourcecode.swift; path = DataStore.swift; sourceTree = "<group>"; };
		F88091CCFB9B990FBC63EA30 /* DiscoverView.swift */ = {isa = PBXFileReference; lastKnownFileType = sourcecode.swift; path = DiscoverView.swift; sourceTree = "<group>"; };
		FC73EB60E91B222E56B5726F /* MainTabView.swift */ = {isa = PBXFileReference; lastKnownFileType = sourcecode.swift; path = MainTabView.swift; sourceTree = "<group>"; };
		"TEMP_89DB5989-5C41-4450-8AC1-AEB9ED04CBBB" /* PawlyApp.swift */ = {isa = PBXFileReference; lastKnownFileType = sourcecode.swift; path = PawlyApp.swift; sourceTree = "<group>"; };
		"TEMP_9BD9495F-154A-4A47-9566-151CEE01E7E6" /* Assets.xcassets */ = {isa = PBXFileReference; lastKnownFileType = folder.assetcatalog; path = Assets.xcassets; sourceTree = "<group>"; };
/* End PBXFileReference section */

/* Begin PBXFrameworksBuildPhase section */
		7E907C004D519BBC4DA75322 /* Frameworks */ = {
			isa = PBXFrameworksBuildPhase;
			buildActionMask = 2147483647;
			files = (
				DA5DA8E89C2B7856009F7329 /* Supabase in Frameworks */,
			);
			runOnlyForDeploymentPostprocessing = 0;
		};
/* End PBXFrameworksBuildPhase section */

/* Begin PBXGroup section */
		0F0B040D109E072CA13DE7AC /* Home */ = {
			isa = PBXGroup;
			children = (
				8E4DC15F26EC66776C6B7C46 /* HomeView.swift */,
				EAAE32F9656AF12666DF1E78 /* PetSwitcherCarousel.swift */,
			);
			path = Home;
			sourceTree = "<group>";
		};
		1A932B2E35B0DAF62B2B5B73 /* AIDoctor */ = {
			isa = PBXGroup;
			children = (
				CDC7FEDBD30B4304BBA538BD /* AIDoctorView.swift */,
			);
			path = AIDoctor;
			sourceTree = "<group>";
		};
		2F3781DFB6AC178CB67F6ABF /* Pets */ = {
			isa = PBXGroup;
			children = (
				7A0CD760EB7DB060CC8865E8 /* PetProfileView.swift */,
				D1D28E8DD7056DAF3554680E /* PetProfileViewDTO.swift */,
				4B99932BB2FD29671729C957 /* PetsView.swift */,
			);
			path = Pets;
			sourceTree = "<group>";
		};
		344B931A7DF4449A32AB0EBC /* Auth */ = {
			isa = PBXGroup;
			children = (
				D628A04B3B4B3C10EA6F2DEF /* AuthView.swift */,
			);
			path = Auth;
			sourceTree = "<group>";
		};
		3F50A35CBF84B246D6926BB5 = {
			isa = PBXGroup;
			children = (
				F8814528C6541D8800A31D3F /* DesignSystem */,
				EE0E81378E6807C3217DCE80 /* Features */,
				6278EB5965142A56CF11F073 /* Models */,
				ECABCA489987A187E37F37ED /* Navigation */,
				C395B59593EC5CA78737438E /* PawlyTests */,
				FC83FD5A33A2814A67C1E99C /* Persistence */,
				AE718C4296793B2B26A6920B /* Services */,
				E636A23961F12C4EDFA57ABA /* Utilities */,
				CF0E4FC9F8806EEC9C2AE70A /* Products */,
			);
			sourceTree = "<group>";
		};
		6278EB5965142A56CF11F073 /* Models */ = {
			isa = PBXGroup;
			children = (
				1F3D9A75C6013AAA258E0158 /* DocumentType.swift */,
				BAC73679E7C2B8B72390CFF1 /* LogEntry.swift */,
				CE7561E0406F3B29603697ED /* MoodEntry.swift */,
				A56BB6523B5B761DAAACDFCE /* Pet.swift */,
				35BEC2F96299893AAA1B26D1 /* PetDocument.swift */,
				A50A6B6F222AD0FE624FD5F0 /* Recurrence.swift */,
				2205C73F83C44E2BB18BE934 /* Reminder.swift */,
				773BF51D421D305731D7BABC /* ReminderInstance.swift */,
				2744E3D8EDFBFFF1A4C9F852 /* ReminderType.swift */,
				748135EB8A20CF617EE37B71 /* Species.swift */,
			);
			path = Models;
			sourceTree = "<group>";
		};
		727BC7AB9B02F5CA263A9624 /* QuickLog */ = {
			isa = PBXGroup;
			children = (
				BC76F68803CC98D3B3E0316B /* QuickLogSheet.swift */,
			);
			path = QuickLog;
			sourceTree = "<group>";
		};
		768111A1383B4EA5816C58B4 /* Discover */ = {
			isa = PBXGroup;
			children = (
				F88091CCFB9B990FBC63EA30 /* DiscoverView.swift */,
				1A932B2E35B0DAF62B2B5B73 /* AIDoctor */,
				98A3688D5BAFCEBB0B42D7C5 /* Hygiene */,
				AE36B26DD1C1D41E7BA9221E /* Recipes */,
			);
			path = Discover;
			sourceTree = "<group>";
		};
		98A3688D5BAFCEBB0B42D7C5 /* Hygiene */ = {
			isa = PBXGroup;
			children = (
				988655E393CF34F78457EC91 /* HygieneLibraryView.swift */,
			);
			path = Hygiene;
			sourceTree = "<group>";
		};
		A59B82E41354BA10D301A54B /* Calendar */ = {
			isa = PBXGroup;
			children = (
				7DC6DFDC296A056B2B18F9BC /* CalendarView.swift */,
				96D2EEDE3FCEFAE6B0430B29 /* DayDetailSheet.swift */,
				C2CBDF1605AB542A495CC9FE /* MonthGrid.swift */,
				2553EFC0E80A5208D95179D0 /* WeekTimelineView.swift */,
			);
			path = Calendar;
			sourceTree = "<group>";
		};
		AE36B26DD1C1D41E7BA9221E /* Recipes */ = {
			isa = PBXGroup;
			children = (
				4DE7F82B64CED87E92948350 /* RecipesView.swift */,
			);
			path = Recipes;
			sourceTree = "<group>";
		};
		AE718C4296793B2B26A6920B /* Services */ = {
			isa = PBXGroup;
			children = (
				69B4413848507358BE374E49 /* AuthService.swift */,
				EDB40E6558EE28705DDC1696 /* DataStore.swift */,
				357F1DE9EC2F615A4B45A348 /* DocumentEncryptionService.swift */,
				2A1584E7056EC47EEEF24FC6 /* HapticsService.swift */,
				B33DACCAA52F951B4C817512 /* MockAIDoctorService.swift */,
				65F04FFBD11EB4BA2A4D8BDB /* NotificationService.swift */,
				990D081FB0E910226D4132CF /* OCRService.swift */,
				90E43EAAF3E7E338A4C2F207 /* PetContextStore.swift */,
				5B9068DE1F3C25E5E34667E1 /* SubscriptionStore.swift */,
				D732DC936882088A3F1692BA /* SupabaseConfig.swift */,
				8C11DB78BCD484BC087724E9 /* SupabaseDTOs.swift */,
				42F3FED57E00329565C1DAFC /* SupabaseService.swift */,
				14A5A2ACAF3DE04654420A39 /* TravelPaperworkService.swift */,
			);
			path = Services;
			sourceTree = "<group>";
		};
		BEF75AEBED53E6D8C30C9400 /* Vault */ = {
			isa = PBXGroup;
			children = (
				8DA598B984688E6B8E066EE8 /* DocumentDetailView.swift */,
				6E059DF2D7DDAD5C67323BBA /* DocumentUploadSheet.swift */,
				B95F9E2A008F4272363B2F4E /* SubscriptionPaywallView.swift */,
				AE0C385ABAE0C6BC03CB1C79 /* TravelPaperworkSheet.swift */,
				2EEC8E15296CC1C22E740E62 /* VaultHomeView.swift */,
				204D993F55620FEC99EC77D6 /* VaultSearchView.swift */,
			);
			path = Vault;
			sourceTree = "<group>";
		};
		C0BBB01B3140554E5A99E67E /* Onboarding */ = {
			isa = PBXGroup;
			children = (
				DCF2728588EDB6C3866744FD /* OnboardingCoordinator.swift */,
				DF979BC3BFF74E33B7B8E27F /* OnboardingDraft.swift */,
				ABBC997537BDA8146552D9DF /* OnboardingScreens.swift */,
			);
			path = Onboarding;
			sourceTree = "<group>";
		};
		C395B59593EC5CA78737438E /* PawlyTests */ = {
			isa = PBXGroup;
			children = (
				45F7D8EE25A6996FCF7F8083 /* PawlyTests.swift */,
			);
			path = PawlyTests;
			sourceTree = "<group>";
		};
		CF0E4FC9F8806EEC9C2AE70A /* Products */ = {
			isa = PBXGroup;
			children = (
				2C143F7E162380B6FADA701A /* Pawly.app */,
				921BD39C2CB4B1392DE26F60 /* PawlyTests.xctest */,
			);
			name = Products;
			sourceTree = "<group>";
		};
		E636A23961F12C4EDFA57ABA /* Utilities */ = {
			isa = PBXGroup;
			children = (
				83A2B7990C019839F1DA732F /* Date+Pawly.swift */,
				2568D5D714E3FDCDF6AB397D /* Image+PhotoData.swift */,
				BCCFEE196EF8287E95D81C90 /* PreviewSupport.swift */,
			);
			path = Utilities;
			sourceTree = "<group>";
		};
		ECABCA489987A187E37F37ED /* Navigation */ = {
			isa = PBXGroup;
			children = (
				FC73EB60E91B222E56B5726F /* MainTabView.swift */,
				471376D6B9EE814590231F79 /* RootView.swift */,
			);
			path = Navigation;
			sourceTree = "<group>";
		};
		EE0E81378E6807C3217DCE80 /* Features */ = {
			isa = PBXGroup;
			children = (
				344B931A7DF4449A32AB0EBC /* Auth */,
				A59B82E41354BA10D301A54B /* Calendar */,
				768111A1383B4EA5816C58B4 /* Discover */,
				0F0B040D109E072CA13DE7AC /* Home */,
				C0BBB01B3140554E5A99E67E /* Onboarding */,
				2F3781DFB6AC178CB67F6ABF /* Pets */,
				727BC7AB9B02F5CA263A9624 /* QuickLog */,
				F93E822351C9740E230A1F4E /* Reminders */,
				BEF75AEBED53E6D8C30C9400 /* Vault */,
			);
			path = Features;
			sourceTree = "<group>";
		};
		F8814528C6541D8800A31D3F /* DesignSystem */ = {
			isa = PBXGroup;
			children = (
				DFC55492CF98BE59B0FD2C73 /* ConfidenceBadge.swift */,
				B8F0FECA4E0B105B0143DF30 /* Motion.swift */,
				B22532CCFB411C0BE1185DA5 /* PawlyButtonStyle.swift */,
				AC8465200035BA2774D6B656 /* PawlyCard.swift */,
				3773C6EA7C80EF0CC546D8A4 /* PawlyColors.swift */,
				3E67F476005E815E8CCB3747 /* PawlyTextField.swift */,
				B085A566B38E46A55755A719 /* Spacing.swift */,
				A346A589A529196C96165CE9 /* StatusDot.swift */,
				2F0DA6B6411F53049521A2C1 /* Typography.swift */,
			);
			path = DesignSystem;
			sourceTree = "<group>";
		};
		F93E822351C9740E230A1F4E /* Reminders */ = {
			isa = PBXGroup;
			children = (
				49D55B6CF97017E5AAB3DDD2 /* RecurrencePicker.swift */,
				8BAF81E101085D59FCDC056F /* ReminderEditView.swift */,
				7FA3C8FD7E65170F0854E7AA /* RemindersListView.swift */,
				06AF7BA81BCA9619BA1ED972 /* RemindersListViewDTO.swift */,
			);
			path = Reminders;
			sourceTree = "<group>";
		};
		FC83FD5A33A2814A67C1E99C /* Persistence */ = {
			isa = PBXGroup;
			children = (
				BBD66E8AAD3F4443C80F9602 /* RecurrenceEngine.swift */,
				712AD4B3555EC68C7A68CBB3 /* SeedData.swift */,
			);
			path = Persistence;
			sourceTree = "<group>";
		};
		"TEMP_0451B79B-559A-43C8-8788-D2E1B8201B01" /* . */ = {
			isa = PBXGroup;
			children = (
				"TEMP_9BD9495F-154A-4A47-9566-151CEE01E7E6" /* Assets.xcassets */,
				"TEMP_89DB5989-5C41-4450-8AC1-AEB9ED04CBBB" /* PawlyApp.swift */,
				F8814528C6541D8800A31D3F /* DesignSystem */,
				EE0E81378E6807C3217DCE80 /* Features */,
				ECABCA489987A187E37F37ED /* Navigation */,
				6278EB5965142A56CF11F073 /* Models */,
				E636A23961F12C4EDFA57ABA /* Utilities */,
				FC83FD5A33A2814A67C1E99C /* Persistence */,
				AE718C4296793B2B26A6920B /* Services */,
			);
			name = .;
			path = .;
			sourceTree = "<group>";
		};
/* End PBXGroup section */

/* Begin PBXNativeTarget section */
		B447878F40DFDA711B8DAD4D /* Pawly */ = {
			isa = PBXNativeTarget;
			buildConfigurationList = 459402491062AC2B10183DF5 /* Build configuration list for PBXNativeTarget "Pawly" */;
			buildPhases = (
				41D1B01EE4BE7F32B0BC8A66 /* Sources */,
				601CCAA93FAA9C63C62D271F /* Resources */,
				7E907C004D519BBC4DA75322 /* Frameworks */,
			);
			buildRules = (
			);
			dependencies = (
			);
			name = Pawly;
			packageProductDependencies = (
				FE51CE2C6C809C7BE7169BC0 /* Supabase */,
			);
			productName = Pawly;
			productReference = 2C143F7E162380B6FADA701A /* Pawly.app */;
			productType = "com.apple.product-type.application";
		};
		C3356C31E16DDD80E9226CAD /* PawlyTests */ = {
			isa = PBXNativeTarget;
			buildConfigurationList = 06F9BD971E0AA1BDB74EB72F /* Build configuration list for PBXNativeTarget "PawlyTests" */;
			buildPhases = (
				9C425BAE3D1111AB62C72705 /* Sources */,
			);
			buildRules = (
			);
			dependencies = (
				D9A4F6C80B31C58930751418 /* PBXTargetDependency */,
			);
			name = PawlyTests;
			packageProductDependencies = (
			);
			productName = PawlyTests;
			productReference = 921BD39C2CB4B1392DE26F60 /* PawlyTests.xctest */;
			productType = "com.apple.product-type.bundle.unit-test";
		};
/* End PBXNativeTarget section */

/* Begin PBXProject section */
		B8EB757B8F504E30BF293D2B /* Project object */ = {
			isa = PBXProject;
			attributes = {
				BuildIndependentTargetsInParallel = YES;
				LastUpgradeCheck = 1430;
				TargetAttributes = {
					B447878F40DFDA711B8DAD4D = {
						DevelopmentTeam = "";
						ProvisioningStyle = Automatic;
					};
					C3356C31E16DDD80E9226CAD = {
						DevelopmentTeam = "";
						ProvisioningStyle = Automatic;
					};
				};
			};
			buildConfigurationList = E73D8F42B77469FF9E49D866 /* Build configuration list for PBXProject "Pawly" */;
			developmentRegion = en;
			hasScannedForEncodings = 0;
			knownRegions = (
				Base,
				en,
			);
			mainGroup = 3F50A35CBF84B246D6926BB5;
			minimizedProjectReferenceProxies = 1;
			packageReferences = (
				1A2E9E994D31DEE195C7792C /* XCRemoteSwiftPackageReference "supabase-swift" */,
			);
			preferredProjectObjectVersion = 77;
			productRefGroup = CF0E4FC9F8806EEC9C2AE70A /* Products */;
			projectDirPath = "";
			projectRoot = "";
			targets = (
				B447878F40DFDA711B8DAD4D /* Pawly */,
				C3356C31E16DDD80E9226CAD /* PawlyTests */,
			);
		};
/* End PBXProject section */

/* Begin PBXResourcesBuildPhase section */
		601CCAA93FAA9C63C62D271F /* Resources */ = {
			isa = PBXResourcesBuildPhase;
			buildActionMask = 2147483647;
			files = (
				E4DE92CDB89B21974C431644 /* Assets.xcassets in Resources */,
			);
			runOnlyForDeploymentPostprocessing = 0;
		};
/* End PBXResourcesBuildPhase section */

/* Begin PBXSourcesBuildPhase section */
		41D1B01EE4BE7F32B0BC8A66 /* Sources */ = {
			isa = PBXSourcesBuildPhase;
			buildActionMask = 2147483647;
			files = (
				4597798078FE77A552623EBF /* AIDoctorView.swift in Sources */,
				38DED5104C0D970CD98688A6 /* AuthService.swift in Sources */,
				B1DD4D335156A30D7D7E6FD9 /* AuthView.swift in Sources */,
				1DEBE4CEA1EF6E5747857E7B /* CalendarView.swift in Sources */,
				EDB4429DD80A06CA94CBE821 /* ConfidenceBadge.swift in Sources */,
				8B41AA5D4F7A8F2E7A2AD943 /* DataStore.swift in Sources */,
				AA90B529ED27FAEA6918194A /* Date+Pawly.swift in Sources */,
				93AC7EB9123A6645F5D0C48B /* DayDetailSheet.swift in Sources */,
				43C327A51E06DCFBC31FEE00 /* DiscoverView.swift in Sources */,
				6259A1C0A7B480BCFB411518 /* DocumentDetailView.swift in Sources */,
				CB1A24CC00D4DD3302533C96 /* DocumentEncryptionService.swift in Sources */,
				0690907B21C589DD318D9F45 /* DocumentType.swift in Sources */,
				5640FB33F3F1F4B62A30C6A1 /* DocumentUploadSheet.swift in Sources */,
				C5F89C6F297AAEFF1C2EF216 /* HapticsService.swift in Sources */,
				6024CDE95F7C1069C6045B6C /* HomeView.swift in Sources */,
				E882871BE75D308673DC0792 /* HygieneLibraryView.swift in Sources */,
				D8E733E06B05F7E832DECD1F /* Image+PhotoData.swift in Sources */,
				9087EF46BB6D47FE48DF6756 /* LogEntry.swift in Sources */,
				790CF6CBC8A50A79E0E734A0 /* MainTabView.swift in Sources */,
				C977CF7589582F415D18CB4D /* MockAIDoctorService.swift in Sources */,
				12E88B0497A3BFE8BD132E01 /* MonthGrid.swift in Sources */,
				965DAD0BD756FDFBAE03694C /* MoodEntry.swift in Sources */,
				8780E207879BC397CD100343 /* Motion.swift in Sources */,
				CDA2274E7E281CB2F8B0D309 /* NotificationService.swift in Sources */,
				36859515DAA5AE8E3086351C /* OCRService.swift in Sources */,
				BDF577FC84E46FC4AE423DC8 /* OnboardingCoordinator.swift in Sources */,
				67E17E0E36ADE7352ED25EA3 /* OnboardingDraft.swift in Sources */,
				09B86609F09D9EE6315A1292 /* OnboardingScreens.swift in Sources */,
				A9191100B385B2BFE09202A3 /* PawlyApp.swift in Sources */,
				FD08194BE59FA2B7FA3AB4C1 /* PawlyButtonStyle.swift in Sources */,
				798A7C53129168D6034ADE21 /* PawlyCard.swift in Sources */,
				BF858F71932CEACA7CD4AD1C /* PawlyColors.swift in Sources */,
				8E1BDCDD5922490D93A346C9 /* PawlyTextField.swift in Sources */,
				20BA9952C18D5B2F5EC6A4AB /* Pet.swift in Sources */,
				7194870A6B3383EB5D6DBB39 /* PetContextStore.swift in Sources */,
				0EE7DEEA2E73CC15B6DB863D /* PetDocument.swift in Sources */,
				C0CB697CCE0E14EF75C3E9AE /* PetProfileView.swift in Sources */,
				3C0FC2A708585F175A33162E /* PetProfileViewDTO.swift in Sources */,
				F09EDB2375F423975FD2367F /* PetSwitcherCarousel.swift in Sources */,
				84D9EC054433B9B6DE544193 /* PetsView.swift in Sources */,
				916820C31B004507B62F1441 /* PreviewSupport.swift in Sources */,
				30969EA7B4793150E6DC3896 /* QuickLogSheet.swift in Sources */,
				E25369ECCDE81829D459DAF2 /* RecipesView.swift in Sources */,
				F0E1025FDDA8AEC2C19B83FA /* Recurrence.swift in Sources */,
				17EF9C412B839FC9E4B26BA2 /* RecurrenceEngine.swift in Sources */,
				A0390254A98E3171866DFB8B /* RecurrencePicker.swift in Sources */,
				B8C6A7D10F4A5AAE452F7246 /* Reminder.swift in Sources */,
				D9B485279CC5A01BD030A431 /* ReminderEditView.swift in Sources */,
				E67929F8953EA161CA9A37D2 /* ReminderInstance.swift in Sources */,
				3B0FC70EFDC2A63E021C8235 /* ReminderType.swift in Sources */,
				AF21460400CBED8E7682FFB3 /* RemindersListView.swift in Sources */,
				D27A5B42C741B288004D8541 /* RemindersListViewDTO.swift in Sources */,
				20BB3345ABBFC6A24D3AD071 /* RootView.swift in Sources */,
				FAF19F61D811DA68A6C41CDD /* SeedData.swift in Sources */,
				332D848D464C9F34D1899C85 /* Spacing.swift in Sources */,
				622F98D1098DA4CFAAE250E2 /* Species.swift in Sources */,
				9D9D7EACFF8C99FC6F267205 /* StatusDot.swift in Sources */,
				D92C753CF3BB0398D24F2726 /* SubscriptionPaywallView.swift in Sources */,
				3B7BCADFF48F8A3AC36BF11A /* SubscriptionStore.swift in Sources */,
				A3DFB10E16058188153B6B68 /* SupabaseConfig.swift in Sources */,
				6C5F12AA6A94E9052AD885CF /* SupabaseDTOs.swift in Sources */,
				88E6BE6AFE5AA30421F6982C /* SupabaseService.swift in Sources */,
				962A663F99A3AC2EE5759D23 /* TravelPaperworkService.swift in Sources */,
				7505E27F63D1CC8F1279A9C5 /* TravelPaperworkSheet.swift in Sources */,
				12B75AA3D656CC9E9985B54D /* Typography.swift in Sources */,
				3E18D88A66D0A71F32441190 /* VaultHomeView.swift in Sources */,
				188D0B406DA9A4F771D3F781 /* VaultSearchView.swift in Sources */,
				D242D40705F00016DA8DE34F /* WeekTimelineView.swift in Sources */,
			);
			runOnlyForDeploymentPostprocessing = 0;
		};
		9C425BAE3D1111AB62C72705 /* Sources */ = {
			isa = PBXSourcesBuildPhase;
			buildActionMask = 2147483647;
			files = (
				485D0550C2C40BA7A911EADC /* PawlyTests.swift in Sources */,
			);
			runOnlyForDeploymentPostprocessing = 0;
		};
/* End PBXSourcesBuildPhase section */

/* Begin PBXTargetDependency section */
		D9A4F6C80B31C58930751418 /* PBXTargetDependency */ = {
			isa = PBXTargetDependency;
			target = B447878F40DFDA711B8DAD4D /* Pawly */;
			targetProxy = D6BEDECBD8C99F6AB287F067 /* PBXContainerItemProxy */;
		};
/* End PBXTargetDependency section */

/* Begin XCBuildConfiguration section */
		6FE0E80546A0D3F6359D0ABD /* Release */ = {
			isa = XCBuildConfiguration;
			buildSettings = {
				BUNDLE_LOADER = "$(TEST_HOST)";
				GENERATE_INFOPLIST_FILE = YES;
				IPHONEOS_DEPLOYMENT_TARGET = 17.0;
				LD_RUNPATH_SEARCH_PATHS = (
					"$(inherited)",
					"@executable_path/Frameworks",
					"@loader_path/Frameworks",
				);
				PRODUCT_BUNDLE_IDENTIFIER = com.yourname.pawly.tests;
				SDKROOT = iphoneos;
				TARGETED_DEVICE_FAMILY = "1,2";
				TEST_HOST = "$(BUILT_PRODUCTS_DIR)/Pawly.app/Pawly";
			};
			name = Release;
		};
		766B38BD34D15F5A2C4AF70B /* Debug */ = {
			isa = XCBuildConfiguration;
			buildSettings = {
				BUNDLE_LOADER = "$(TEST_HOST)";
				GENERATE_INFOPLIST_FILE = YES;
				IPHONEOS_DEPLOYMENT_TARGET = 17.0;
				LD_RUNPATH_SEARCH_PATHS = (
					"$(inherited)",
					"@executable_path/Frameworks",
					"@loader_path/Frameworks",
				);
				PRODUCT_BUNDLE_IDENTIFIER = com.yourname.pawly.tests;
				SDKROOT = iphoneos;
				TARGETED_DEVICE_FAMILY = "1,2";
				TEST_HOST = "$(BUILT_PRODUCTS_DIR)/Pawly.app/Pawly";
			};
			name = Debug;
		};
		99A8FD23912A84C640BAA443 /* Release */ = {
			isa = XCBuildConfiguration;
			buildSettings = {
				ALWAYS_SEARCH_USER_PATHS = NO;
				CLANG_ANALYZER_NONNULL = YES;
				CLANG_ANALYZER_NUMBER_OBJECT_CONVERSION = YES_AGGRESSIVE;
				CLANG_CXX_LANGUAGE_STANDARD = "gnu++14";
				CLANG_CXX_LIBRARY = "libc++";
				CLANG_ENABLE_MODULES = YES;
				CLANG_ENABLE_OBJC_ARC = YES;
				CLANG_ENABLE_OBJC_WEAK = YES;
				CLANG_WARN_BLOCK_CAPTURE_AUTORELEASING = YES;
				CLANG_WARN_BOOL_CONVERSION = YES;
				CLANG_WARN_COMMA = YES;
				CLANG_WARN_CONSTANT_CONVERSION = YES;
				CLANG_WARN_DEPRECATED_OBJC_IMPLEMENTATIONS = YES;
				CLANG_WARN_DIRECT_OBJC_ISA_USAGE = YES_ERROR;
				CLANG_WARN_DOCUMENTATION_COMMENTS = YES;
				CLANG_WARN_EMPTY_BODY = YES;
				CLANG_WARN_ENUM_CONVERSION = YES;
				CLANG_WARN_INFINITE_RECURSION = YES;
				CLANG_WARN_INT_CONVERSION = YES;
				CLANG_WARN_NON_LITERAL_NULL_CONVERSION = YES;
				CLANG_WARN_OBJC_IMPLICIT_RETAIN_SELF = YES;
				CLANG_WARN_OBJC_LITERAL_CONVERSION = YES;
				CLANG_WARN_OBJC_ROOT_CLASS = YES_ERROR;
				CLANG_WARN_QUOTED_INCLUDE_IN_FRAMEWORK_HEADER = YES;
				CLANG_WARN_RANGE_LOOP_ANALYSIS = YES;
				CLANG_WARN_STRICT_PROTOTYPES = YES;
				CLANG_WARN_SUSPICIOUS_MOVE = YES;
				CLANG_WARN_UNGUARDED_AVAILABILITY = YES_AGGRESSIVE;
				CLANG_WARN_UNREACHABLE_CODE = YES;
				CLANG_WARN__DUPLICATE_METHOD_MATCH = YES;
				CODE_SIGNING_ALLOWED = NO;
				CODE_SIGNING_REQUIRED = NO;
				CODE_SIGN_IDENTITY = "-";
				CODE_SIGN_STYLE = Automatic;
				COPY_PHASE_STRIP = NO;
				DEBUG_INFORMATION_FORMAT = "dwarf-with-dsym";
				DEVELOPMENT_TEAM = "";
				ENABLE_NS_ASSERTIONS = NO;
				ENABLE_STRICT_OBJC_MSGSEND = YES;
				ENABLE_USER_SCRIPT_SANDBOXING = NO;
				GCC_C_LANGUAGE_STANDARD = gnu11;
				GCC_NO_COMMON_BLOCKS = YES;
				GCC_WARN_64_TO_32_BIT_CONVERSION = YES;
				GCC_WARN_ABOUT_RETURN_TYPE = YES_ERROR;
				GCC_WARN_UNDECLARED_SELECTOR = YES;
				GCC_WARN_UNINITIALIZED_AUTOS = YES_AGGRESSIVE;
				GCC_WARN_UNUSED_FUNCTION = YES;
				GCC_WARN_UNUSED_VARIABLE = YES;
				IPHONEOS_DEPLOYMENT_TARGET = 17.0;
				MTL_ENABLE_DEBUG_INFO = NO;
				MTL_FAST_MATH = YES;
				PRODUCT_NAME = "$(TARGET_NAME)";
				SDKROOT = iphoneos;
				SWIFT_COMPILATION_MODE = wholemodule;
				SWIFT_OPTIMIZATION_LEVEL = "-O";
				SWIFT_VERSION = 5.9;
			};
			name = Release;
		};
		B6DC594CC7044E2731F1155B /* Debug */ = {
			isa = XCBuildConfiguration;
			buildSettings = {
				ASSETCATALOG_COMPILER_APPICON_NAME = AppIcon;
				ASSETCATALOG_COMPILER_GLOBAL_ACCENT_COLOR_NAME = AccentColor;
				CODE_SIGN_IDENTITY = "iPhone Developer";
				GENERATE_INFOPLIST_FILE = NO;
				INFOPLIST_FILE = Info.plist;
				IPHONEOS_DEPLOYMENT_TARGET = 17.0;
				LD_RUNPATH_SEARCH_PATHS = (
					"$(inherited)",
					"@executable_path/Frameworks",
				);
				PRODUCT_BUNDLE_IDENTIFIER = com.yourname.pawly;
				SDKROOT = iphoneos;
				TARGETED_DEVICE_FAMILY = "1,2";
			};
			name = Debug;
		};
		EB10153A86B578A7F41F68DA /* Release */ = {
			isa = XCBuildConfiguration;
			buildSettings = {
				ASSETCATALOG_COMPILER_APPICON_NAME = AppIcon;
				ASSETCATALOG_COMPILER_GLOBAL_ACCENT_COLOR_NAME = AccentColor;
				CODE_SIGN_IDENTITY = "iPhone Developer";
				GENERATE_INFOPLIST_FILE = NO;
				INFOPLIST_FILE = Info.plist;
				IPHONEOS_DEPLOYMENT_TARGET = 17.0;
				LD_RUNPATH_SEARCH_PATHS = (
					"$(inherited)",
					"@executable_path/Frameworks",
				);
				PRODUCT_BUNDLE_IDENTIFIER = com.yourname.pawly;
				SDKROOT = iphoneos;
				TARGETED_DEVICE_FAMILY = "1,2";
			};
			name = Release;
		};
		F89A153318792F58674E188D /* Debug */ = {
			isa = XCBuildConfiguration;
			buildSettings = {
				ALWAYS_SEARCH_USER_PATHS = NO;
				CLANG_ANALYZER_NONNULL = YES;
				CLANG_ANALYZER_NUMBER_OBJECT_CONVERSION = YES_AGGRESSIVE;
				CLANG_CXX_LANGUAGE_STANDARD = "gnu++14";
				CLANG_CXX_LIBRARY = "libc++";
				CLANG_ENABLE_MODULES = YES;
				CLANG_ENABLE_OBJC_ARC = YES;
				CLANG_ENABLE_OBJC_WEAK = YES;
				CLANG_WARN_BLOCK_CAPTURE_AUTORELEASING = YES;
				CLANG_WARN_BOOL_CONVERSION = YES;
				CLANG_WARN_COMMA = YES;
				CLANG_WARN_CONSTANT_CONVERSION = YES;
				CLANG_WARN_DEPRECATED_OBJC_IMPLEMENTATIONS = YES;
				CLANG_WARN_DIRECT_OBJC_ISA_USAGE = YES_ERROR;
				CLANG_WARN_DOCUMENTATION_COMMENTS = YES;
				CLANG_WARN_EMPTY_BODY = YES;
				CLANG_WARN_ENUM_CONVERSION = YES;
				CLANG_WARN_INFINITE_RECURSION = YES;
				CLANG_WARN_INT_CONVERSION = YES;
				CLANG_WARN_NON_LITERAL_NULL_CONVERSION = YES;
				CLANG_WARN_OBJC_IMPLICIT_RETAIN_SELF = YES;
				CLANG_WARN_OBJC_LITERAL_CONVERSION = YES;
				CLANG_WARN_OBJC_ROOT_CLASS = YES_ERROR;
				CLANG_WARN_QUOTED_INCLUDE_IN_FRAMEWORK_HEADER = YES;
				CLANG_WARN_RANGE_LOOP_ANALYSIS = YES;
				CLANG_WARN_STRICT_PROTOTYPES = YES;
				CLANG_WARN_SUSPICIOUS_MOVE = YES;
				CLANG_WARN_UNGUARDED_AVAILABILITY = YES_AGGRESSIVE;
				CLANG_WARN_UNREACHABLE_CODE = YES;
				CLANG_WARN__DUPLICATE_METHOD_MATCH = YES;
				CODE_SIGNING_ALLOWED = NO;
				CODE_SIGNING_REQUIRED = NO;
				CODE_SIGN_IDENTITY = "-";
				CODE_SIGN_STYLE = Automatic;
				COPY_PHASE_STRIP = NO;
				DEBUG_INFORMATION_FORMAT = dwarf;
				DEVELOPMENT_TEAM = "";
				ENABLE_STRICT_OBJC_MSGSEND = YES;
				ENABLE_TESTABILITY = YES;
				ENABLE_USER_SCRIPT_SANDBOXING = NO;
				GCC_C_LANGUAGE_STANDARD = gnu11;
				GCC_DYNAMIC_NO_PIC = NO;
				GCC_NO_COMMON_BLOCKS = YES;
				GCC_OPTIMIZATION_LEVEL = 0;
				GCC_PREPROCESSOR_DEFINITIONS = (
					"$(inherited)",
					"DEBUG=1",
				);
				GCC_WARN_64_TO_32_BIT_CONVERSION = YES;
				GCC_WARN_ABOUT_RETURN_TYPE = YES_ERROR;
				GCC_WARN_UNDECLARED_SELECTOR = YES;
				GCC_WARN_UNINITIALIZED_AUTOS = YES_AGGRESSIVE;
				GCC_WARN_UNUSED_FUNCTION = YES;
				GCC_WARN_UNUSED_VARIABLE = YES;
				IPHONEOS_DEPLOYMENT_TARGET = 17.0;
				MTL_ENABLE_DEBUG_INFO = INCLUDE_SOURCE;
				MTL_FAST_MATH = YES;
				ONLY_ACTIVE_ARCH = YES;
				PRODUCT_NAME = "$(TARGET_NAME)";
				SDKROOT = iphoneos;
				SWIFT_ACTIVE_COMPILATION_CONDITIONS = DEBUG;
				SWIFT_OPTIMIZATION_LEVEL = "-Onone";
				SWIFT_VERSION = 5.9;
			};
			name = Debug;
		};
/* End XCBuildConfiguration section */

/* Begin XCConfigurationList section */
		06F9BD971E0AA1BDB74EB72F /* Build configuration list for PBXNativeTarget "PawlyTests" */ = {
			isa = XCConfigurationList;
			buildConfigurations = (
				766B38BD34D15F5A2C4AF70B /* Debug */,
				6FE0E80546A0D3F6359D0ABD /* Release */,
			);
			defaultConfigurationIsVisible = 0;
			defaultConfigurationName = Debug;
		};
		459402491062AC2B10183DF5 /* Build configuration list for PBXNativeTarget "Pawly" */ = {
			isa = XCConfigurationList;
			buildConfigurations = (
				B6DC594CC7044E2731F1155B /* Debug */,
				EB10153A86B578A7F41F68DA /* Release */,
			);
			defaultConfigurationIsVisible = 0;
			defaultConfigurationName = Debug;
		};
		E73D8F42B77469FF9E49D866 /* Build configuration list for PBXProject "Pawly" */ = {
			isa = XCConfigurationList;
			buildConfigurations = (
				F89A153318792F58674E188D /* Debug */,
				99A8FD23912A84C640BAA443 /* Release */,
			);
			defaultConfigurationIsVisible = 0;
			defaultConfigurationName = Debug;
		};
/* End XCConfigurationList section */

/* Begin XCRemoteSwiftPackageReference section */
		1A2E9E994D31DEE195C7792C /* XCRemoteSwiftPackageReference "supabase-swift" */ = {
			isa = XCRemoteSwiftPackageReference;
			repositoryURL = "https://github.com/supabase/supabase-swift.git";
			requirement = {
				kind = upToNextMajorVersion;
				minimumVersion = 2.5.0;
			};
		};
/* End XCRemoteSwiftPackageReference section */

/* Begin XCSwiftPackageProductDependency section */
		FE51CE2C6C809C7BE7169BC0 /* Supabase */ = {
			isa = XCSwiftPackageProductDependency;
			package = 1A2E9E994D31DEE195C7792C /* XCRemoteSwiftPackageReference "supabase-swift" */;
			productName = Supabase;
		};
/* End XCSwiftPackageProductDependency section */
	};
	rootObject = B8EB757B8F504E30BF293D2B /* Project object */;
}
